// !$*UTF8*$!
{
	archiveVersion = 1;
	classes = {
	};
	objectVersion = 46;
	objects = {

/* Begin PBXBuildFile section */
		C92720D31AE7E51D0071148C /* main.m in Sources */ = {isa = PBXBuildFile; fileRef = C92720D21AE7E51D0071148C /* main.m */; };
		C92720D61AE7E51D0071148C /* AppDelegate.m in Sources */ = {isa = PBXBuildFile; fileRef = C92720D51AE7E51D0071148C /* AppDelegate.m */; };
		C92720D91AE7E51D0071148C /* ViewController.m in Sources */ = {isa = PBXBuildFile; fileRef = C92720D81AE7E51D0071148C /* ViewController.m */; };
		C92720DC1AE7E51D0071148C /* Main.storyboard in Resources */ = {isa = PBXBuildFile; fileRef = C92720DA1AE7E51D0071148C /* Main.storyboard */; };
		C92720DE1AE7E51D0071148C /* Images.xcassets in Resources */ = {isa = PBXBuildFile; fileRef = C92720DD1AE7E51D0071148C /* Images.xcassets */; };
		C92720E11AE7E51D0071148C /* LaunchScreen.xib in Resources */ = {isa = PBXBuildFile; fileRef = C92720DF1AE7E51D0071148C /* LaunchScreen.xib */; };
		C92720ED1AE7E51D0071148C /* InfectedTests.m in Sources */ = {isa = PBXBuildFile; fileRef = C92720EC1AE7E51D0071148C /* InfectedTests.m */; };
		C92721061AE7F9280071148C /* CoreBluetooth.framework in Frameworks */ = {isa = PBXBuildFile; fileRef = C92721051AE7F9280071148C /* CoreBluetooth.framework */; };
		C92721091AE7FE110071148C /* Encounter.m in Sources */ = {isa = PBXBuildFile; fileRef = C92721081AE7FE110071148C /* Encounter.m */; };
		C92721711AE9DDE00071148C /* libLibInfected.a in Frameworks */ = {isa = PBXBuildFile; fileRef = C927216E1AE9DD870071148C /* libLibInfected.a */; };
/* End PBXBuildFile section */

/* Begin PBXContainerItemProxy section */
		C92720E71AE7E51D0071148C /* PBXContainerItemProxy */ = {
			isa = PBXContainerItemProxy;
			containerPortal = C92720C51AE7E51D0071148C /* Project object */;
			proxyType = 1;
			remoteGlobalIDString = C92720CC1AE7E51D0071148C;
			remoteInfo = Infected;
		};
		C927216D1AE9DD870071148C /* PBXContainerItemProxy */ = {
			isa = PBXContainerItemProxy;
			containerPortal = C92721681AE9DD870071148C /* LibInfected.xcodeproj */;
			proxyType = 2;
			remoteGlobalIDString = C927211B1AE9D9070071148C;
			remoteInfo = LibInfected;
		};
		C927216F1AE9DD870071148C /* PBXContainerItemProxy */ = {
			isa = PBXContainerItemProxy;
			containerPortal = C92721681AE9DD870071148C /* LibInfected.xcodeproj */;
			proxyType = 2;
			remoteGlobalIDString = C92721261AE9D9070071148C;
			remoteInfo = LibInfectedTests;
		};
/* End PBXContainerItemProxy section */

/* Begin PBXCopyFilesBuildPhase section */
		C92721041AE7F6F40071148C /* Embed Frameworks */ = {
			isa = PBXCopyFilesBuildPhase;
			buildActionMask = 2147483647;
			dstPath = "";
			dstSubfolderSpec = 10;
			files = (
			);
			name = "Embed Frameworks";
			runOnlyForDeploymentPostprocessing = 0;
		};
/* End PBXCopyFilesBuildPhase section */

/* Begin PBXFileReference section */
		C92720CD1AE7E51D0071148C /* Infected.app */ = {isa = PBXFileReference; explicitFileType = wrapper.application; includeInIndex = 0; path = Infected.app; sourceTree = BUILT_PRODUCTS_DIR; };
		C92720D11AE7E51D0071148C /* Info.plist */ = {isa = PBXFileReference; lastKnownFileType = text.plist.xml; path = Info.plist; sourceTree = "<group>"; };
		C92720D21AE7E51D0071148C /* main.m */ = {isa = PBXFileReference; lastKnownFileType = sourcecode.c.objc; path = main.m; sourceTree = "<group>"; };
		C92720D41AE7E51D0071148C /* AppDelegate.h */ = {isa = PBXFileReference; lastKnownFileType = sourcecode.c.h; path = AppDelegate.h; sourceTree = "<group>"; };
		C92720D51AE7E51D0071148C /* AppDelegate.m */ = {isa = PBXFileReference; lastKnownFileType = sourcecode.c.objc; path = AppDelegate.m; sourceTree = "<group>"; };
		C92720D71AE7E51D0071148C /* ViewController.h */ = {isa = PBXFileReference; lastKnownFileType = sourcecode.c.h; path = ViewController.h; sourceTree = "<group>"; };
		C92720D81AE7E51D0071148C /* ViewController.m */ = {isa = PBXFileReference; lastKnownFileType = sourcecode.c.objc; path = ViewController.m; sourceTree = "<group>"; };
		C92720DB1AE7E51D0071148C /* Base */ = {isa = PBXFileReference; lastKnownFileType = file.storyboard; name = Base; path = Base.lproj/Main.storyboard; sourceTree = "<group>"; };
		C92720DD1AE7E51D0071148C /* Images.xcassets */ = {isa = PBXFileReference; lastKnownFileType = folder.assetcatalog; path = Images.xcassets; sourceTree = "<group>"; };
		C92720E01AE7E51D0071148C /* Base */ = {isa = PBXFileReference; lastKnownFileType = file.xib; name = Base; path = Base.lproj/LaunchScreen.xib; sourceTree = "<group>"; };
		C92720E61AE7E51D0071148C /* InfectedTests.xctest */ = {isa = PBXFileReference; explicitFileType = wrapper.cfbundle; includeInIndex = 0; path = InfectedTests.xctest; sourceTree = BUILT_PRODUCTS_DIR; };
		C92720EB1AE7E51D0071148C /* Info.plist */ = {isa = PBXFileReference; lastKnownFileType = text.plist.xml; path = Info.plist; sourceTree = "<group>"; };
		C92720EC1AE7E51D0071148C /* InfectedTests.m */ = {isa = PBXFileReference; lastKnownFileType = sourcecode.c.objc; path = InfectedTests.m; sourceTree = "<group>"; };
		C92721051AE7F9280071148C /* CoreBluetooth.framework */ = {isa = PBXFileReference; lastKnownFileType = wrapper.framework; name = CoreBluetooth.framework; path = System/Library/Frameworks/CoreBluetooth.framework; sourceTree = SDKROOT; };
		C92721071AE7FE110071148C /* Encounter.h */ = {isa = PBXFileReference; fileEncoding = 4; lastKnownFileType = sourcecode.c.h; path = Encounter.h; sourceTree = "<group>"; };
		C92721081AE7FE110071148C /* Encounter.m */ = {isa = PBXFileReference; fileEncoding = 4; lastKnownFileType = sourcecode.c.objc; path = Encounter.m; sourceTree = "<group>"; };
		C92721681AE9DD870071148C /* LibInfected.xcodeproj */ = {isa = PBXFileReference; lastKnownFileType = "wrapper.pb-project"; name = LibInfected.xcodeproj; path = ../LibInfected/LibInfected.xcodeproj; sourceTree = "<group>"; };
/* End PBXFileReference section */

/* Begin PBXFrameworksBuildPhase section */
		C92720CA1AE7E51D0071148C /* Frameworks */ = {
			isa = PBXFrameworksBuildPhase;
			buildActionMask = 2147483647;
			files = (
				C92721711AE9DDE00071148C /* libLibInfected.a in Frameworks */,
				C92721061AE7F9280071148C /* CoreBluetooth.framework in Frameworks */,
			);
			runOnlyForDeploymentPostprocessing = 0;
		};
		C92720E31AE7E51D0071148C /* Frameworks */ = {
			isa = PBXFrameworksBuildPhase;
			buildActionMask = 2147483647;
			files = (
			);
			runOnlyForDeploymentPostprocessing = 0;
		};
/* End PBXFrameworksBuildPhase section */

/* Begin PBXGroup section */
		C92720C41AE7E51D0071148C = {
			isa = PBXGroup;
			children = (
				C92721681AE9DD870071148C /* LibInfected.xcodeproj */,
				C92721051AE7F9280071148C /* CoreBluetooth.framework */,
				C92720CF1AE7E51D0071148C /* Infected */,
				C92720E91AE7E51D0071148C /* InfectedTests */,
				C92720CE1AE7E51D0071148C /* Products */,
			);
			sourceTree = "<group>";
		};
		C92720CE1AE7E51D0071148C /* Products */ = {
			isa = PBXGroup;
			children = (
				C92720CD1AE7E51D0071148C /* Infected.app */,
				C92720E61AE7E51D0071148C /* InfectedTests.xctest */,
			);
			name = Products;
			sourceTree = "<group>";
		};
		C92720CF1AE7E51D0071148C /* Infected */ = {
			isa = PBXGroup;
			children = (
				C92720D41AE7E51D0071148C /* AppDelegate.h */,
				C92720D51AE7E51D0071148C /* AppDelegate.m */,
				C92720D71AE7E51D0071148C /* ViewController.h */,
				C92720D81AE7E51D0071148C /* ViewController.m */,
				C92720DA1AE7E51D0071148C /* Main.storyboard */,
				C92721071AE7FE110071148C /* Encounter.h */,
				C92721081AE7FE110071148C /* Encounter.m */,
				C92720DD1AE7E51D0071148C /* Images.xcassets */,
				C92720DF1AE7E51D0071148C /* LaunchScreen.xib */,
				C92720D01AE7E51D0071148C /* Supporting Files */,
			);
			path = Infected;
			sourceTree = "<group>";
		};
		C92720D01AE7E51D0071148C /* Supporting Files */ = {
			isa = PBXGroup;
			children = (
				C92720D11AE7E51D0071148C /* Info.plist */,
				C92720D21AE7E51D0071148C /* main.m */,
			);
			name = "Supporting Files";
			sourceTree = "<group>";
		};
		C92720E91AE7E51D0071148C /* InfectedTests */ = {
			isa = PBXGroup;
			children = (
				C92720EC1AE7E51D0071148C /* InfectedTests.m */,
				C92720EA1AE7E51D0071148C /* Supporting Files */,
			);
			path = InfectedTests;
			sourceTree = "<group>";
		};
		C92720EA1AE7E51D0071148C /* Supporting Files */ = {
			isa = PBXGroup;
			children = (
				C92720EB1AE7E51D0071148C /* Info.plist */,
			);
			name = "Supporting Files";
			sourceTree = "<group>";
		};
		C92721691AE9DD870071148C /* Products */ = {
			isa = PBXGroup;
			children = (
				C927216E1AE9DD870071148C /* libLibInfected.a */,
				C92721701AE9DD870071148C /* LibInfectedTests.xctest */,
			);
			name = Products;
			sourceTree = "<group>";
		};
/* End PBXGroup section */

/* Begin PBXNativeTarget section */
		C92720CC1AE7E51D0071148C /* Infected */ = {
			isa = PBXNativeTarget;
			buildConfigurationList = C92720F01AE7E51D0071148C /* Build configuration list for PBXNativeTarget "Infected" */;
			buildPhases = (
				C92720C91AE7E51D0071148C /* Sources */,
				C92720CA1AE7E51D0071148C /* Frameworks */,
				C92720CB1AE7E51D0071148C /* Resources */,
				C92721041AE7F6F40071148C /* Embed Frameworks */,
			);
			buildRules = (
			);
			dependencies = (
			);
			name = Infected;
			productName = Infected;
			productReference = C92720CD1AE7E51D0071148C /* Infected.app */;
			productType = "com.apple.product-type.application";
		};
		C92720E51AE7E51D0071148C /* InfectedTests */ = {
			isa = PBXNativeTarget;
			buildConfigurationList = C92720F31AE7E51D0071148C /* Build configuration list for PBXNativeTarget "InfectedTests" */;
			buildPhases = (
				C92720E21AE7E51D0071148C /* Sources */,
				C92720E31AE7E51D0071148C /* Frameworks */,
				C92720E41AE7E51D0071148C /* Resources */,
			);
			buildRules = (
			);
			dependencies = (
				C92720E81AE7E51D0071148C /* PBXTargetDependency */,
			);
			name = InfectedTests;
			productName = InfectedTests;
			productReference = C92720E61AE7E51D0071148C /* InfectedTests.xctest */;
			productType = "com.apple.product-type.bundle.unit-test";
		};
/* End PBXNativeTarget section */

/* Begin PBXProject section */
		C92720C51AE7E51D0071148C /* Project object */ = {
			isa = PBXProject;
			attributes = {
				LastUpgradeCheck = 0630;
				TargetAttributes = {
					C92720CC1AE7E51D0071148C = {
						CreatedOnToolsVersion = 6.3.1;
						DevelopmentTeam = T8KZZH4KS6;
						SystemCapabilities = {
							com.apple.BackgroundModes = {
								enabled = 1;
							};
						};
					};
					C92720E51AE7E51D0071148C = {
						CreatedOnToolsVersion = 6.3.1;
						TestTargetID = C92720CC1AE7E51D0071148C;
					};
				};
			};
			buildConfigurationList = C92720C81AE7E51D0071148C /* Build configuration list for PBXProject "Infected" */;
			compatibilityVersion = "Xcode 3.2";
			developmentRegion = English;
			hasScannedForEncodings = 0;
			knownRegions = (
				en,
				Base,
			);
			mainGroup = C92720C41AE7E51D0071148C;
			productRefGroup = C92720CE1AE7E51D0071148C /* Products */;
			projectDirPath = "";
			projectReferences = (
				{
					ProductGroup = C92721691AE9DD870071148C /* Products */;
					ProjectRef = C92721681AE9DD870071148C /* LibInfected.xcodeproj */;
				},
			);
			projectRoot = "";
			targets = (
				C92720CC1AE7E51D0071148C /* Infected */,
				C92720E51AE7E51D0071148C /* InfectedTests */,
			);
		};
/* End PBXProject section */

/* Begin PBXReferenceProxy section */
		C927216E1AE9DD870071148C /* libLibInfected.a */ = {
			isa = PBXReferenceProxy;
			fileType = archive.ar;
			path = libLibInfected.a;
			remoteRef = C927216D1AE9DD870071148C /* PBXContainerItemProxy */;
			sourceTree = BUILT_PRODUCTS_DIR;
		};
		C92721701AE9DD870071148C /* LibInfectedTests.xctest */ = {
			isa = PBXReferenceProxy;
			fileType = wrapper.cfbundle;
			path = LibInfectedTests.xctest;
			remoteRef = C927216F1AE9DD870071148C /* PBXContainerItemProxy */;
			sourceTree = BUILT_PRODUCTS_DIR;
		};
/* End PBXReferenceProxy section */

/* Begin PBXResourcesBuildPhase section */
		C92720CB1AE7E51D0071148C /* Resources */ = {
			isa = PBXResourcesBuildPhase;
			buildActionMask = 2147483647;
			files = (
				C92720DC1AE7E51D0071148C /* Main.storyboard in Resources */,
				C92720E11AE7E51D0071148C /* LaunchScreen.xib in Resources */,
				C92720DE1AE7E51D0071148C /* Images.xcassets in Resources */,
			);
			runOnlyForDeploymentPostprocessing = 0;
		};
		C92720E41AE7E51D0071148C /* Resources */ = {
			isa = PBXResourcesBuildPhase;
			buildActionMask = 2147483647;
			files = (
			);
			runOnlyForDeploymentPostprocessing = 0;
		};
/* End PBXResourcesBuildPhase section */

/* Begin PBXSourcesBuildPhase section */
		C92720C91AE7E51D0071148C /* Sources */ = {
			isa = PBXSourcesBuildPhase;
			buildActionMask = 2147483647;
			files = (
				C92720D91AE7E51D0071148C /* ViewController.m in Sources */,
				C92721091AE7FE110071148C /* Encounter.m in Sources */,
				C92720D61AE7E51D0071148C /* AppDelegate.m in Sources */,
				C92720D31AE7E51D0071148C /* main.m in Sources */,
			);
			runOnlyForDeploymentPostprocessing = 0;
		};
		C92720E21AE7E51D0071148C /* Sources */ = {
			isa = PBXSourcesBuildPhase;
			buildActionMask = 2147483647;
			files = (
				C92720ED1AE7E51D0071148C /* InfectedTests.m in Sources */,
			);
			runOnlyForDeploymentPostprocessing = 0;
		};
/* End PBXSourcesBuildPhase section */

/* Begin PBXTargetDependency section */
		C92720E81AE7E51D0071148C /* PBXTargetDependency */ = {
			isa = PBXTargetDependency;
			target = C92720CC1AE7E51D0071148C /* Infected */;
			targetProxy = C92720E71AE7E51D0071148C /* PBXContainerItemProxy */;
		};
/* End PBXTargetDependency section */

/* Begin PBXVariantGroup section */
		C92720DA1AE7E51D0071148C /* Main.storyboard */ = {
			isa = PBXVariantGroup;
			children = (
				C92720DB1AE7E51D0071148C /* Base */,
			);
			name = Main.storyboard;
			sourceTree = "<group>";
		};
		C92720DF1AE7E51D0071148C /* LaunchScreen.xib */ = {
			isa = PBXVariantGroup;
			children = (
				C92720E01AE7E51D0071148C /* Base */,
			);
			name = LaunchScreen.xib;
			sourceTree = "<group>";
		};
/* End PBXVariantGroup section */

/* Begin XCBuildConfiguration section */
		C92720EE1AE7E51D0071148C /* Debug */ = {
			isa = XCBuildConfiguration;
			buildSettings = {
				ALWAYS_SEARCH_USER_PATHS = NO;
				CLANG_CXX_LANGUAGE_STANDARD = "gnu++0x";
				CLANG_CXX_LIBRARY = "libc++";
				CLANG_ENABLE_MODULES = YES;
				CLANG_ENABLE_OBJC_ARC = YES;
				CLANG_WARN_BOOL_CONVERSION = YES;
				CLANG_WARN_CONSTANT_CONVERSION = YES;
				CLANG_WARN_DIRECT_OBJC_ISA_USAGE = YES_ERROR;
				CLANG_WARN_EMPTY_BODY = YES;
				CLANG_WARN_ENUM_CONVERSION = YES;
				CLANG_WARN_INT_CONVERSION = YES;
				CLANG_WARN_OBJC_ROOT_CLASS = YES_ERROR;
				CLANG_WARN_UNREACHABLE_CODE = YES;
				CLANG_WARN__DUPLICATE_METHOD_MATCH = YES;
				"CODE_SIGN_IDENTITY[sdk=iphoneos*]" = "iPhone Developer";
				COPY_PHASE_STRIP = NO;
				DEBUG_INFORMATION_FORMAT = "dwarf-with-dsym";
				ENABLE_STRICT_OBJC_MSGSEND = YES;
				GCC_C_LANGUAGE_STANDARD = gnu99;
				GCC_DYNAMIC_NO_PIC = NO;
				GCC_NO_COMMON_BLOCKS = YES;
				GCC_OPTIMIZATION_LEVEL = 0;
				GCC_PREPROCESSOR_DEFINITIONS = (
					"DEBUG=1",
					"$(inherited)",
				);
				GCC_SYMBOLS_PRIVATE_EXTERN = NO;
				GCC_WARN_64_TO_32_BIT_CONVERSION = YES;
				GCC_WARN_ABOUT_RETURN_TYPE = YES_ERROR;
				GCC_WARN_UNDECLARED_SELECTOR = YES;
				GCC_WARN_UNINITIALIZED_AUTOS = YES_AGGRESSIVE;
				GCC_WARN_UNUSED_FUNCTION = YES;
				GCC_WARN_UNUSED_VARIABLE = YES;
				IPHONEOS_DEPLOYMENT_TARGET = 8.3;
				MTL_ENABLE_DEBUG_INFO = YES;
				ONLY_ACTIVE_ARCH = YES;
				SDKROOT = iphoneos;
			};
			name = Debug;
		};
		C92720EF1AE7E51D0071148C /* Release */ = {
			isa = XCBuildConfiguration;
			buildSettings = {
				ALWAYS_SEARCH_USER_PATHS = NO;
				CLANG_CXX_LANGUAGE_STANDARD = "gnu++0x";
				CLANG_CXX_LIBRARY = "libc++";
				CLANG_ENABLE_MODULES = YES;
				CLANG_ENABLE_OBJC_ARC = YES;
				CLANG_WARN_BOOL_CONVERSION = YES;
				CLANG_WARN_CONSTANT_CONVERSION = YES;
				CLANG_WARN_DIRECT_OBJC_ISA_USAGE = YES_ERROR;
				CLANG_WARN_EMPTY_BODY = YES;
				CLANG_WARN_ENUM_CONVERSION = YES;
				CLANG_WARN_INT_CONVERSION = YES;
				CLANG_WARN_OBJC_ROOT_CLASS = YES_ERROR;
				CLANG_WARN_UNREACHABLE_CODE = YES;
				CLANG_WARN__DUPLICATE_METHOD_MATCH = YES;
				"CODE_SIGN_IDENTITY[sdk=iphoneos*]" = "iPhone Developer";
				COPY_PHASE_STRIP = NO;
				DEBUG_INFORMATION_FORMAT = "dwarf-with-dsym";
				ENABLE_NS_ASSERTIONS = NO;
				ENABLE_STRICT_OBJC_MSGSEND = YES;
				GCC_C_LANGUAGE_STANDARD = gnu99;
				GCC_NO_COMMON_BLOCKS = YES;
				GCC_WARN_64_TO_32_BIT_CONVERSION = YES;
				GCC_WARN_ABOUT_RETURN_TYPE = YES_ERROR;
				GCC_WARN_UNDECLARED_SELECTOR = YES;
				GCC_WARN_UNINITIALIZED_AUTOS = YES_AGGRESSIVE;
				GCC_WARN_UNUSED_FUNCTION = YES;
				GCC_WARN_UNUSED_VARIABLE = YES;
				IPHONEOS_DEPLOYMENT_TARGET = 8.3;
				MTL_ENABLE_DEBUG_INFO = NO;
				SDKROOT = iphoneos;
				VALIDATE_PRODUCT = YES;
			};
			name = Release;
		};
		C92720F11AE7E51D0071148C /* Debug */ = {
			isa = XCBuildConfiguration;
			buildSettings = {
				ASSETCATALOG_COMPILER_APPICON_NAME = AppIcon;
				CODE_SIGN_IDENTITY = "iPhone Developer";
				"CODE_SIGN_IDENTITY[sdk=iphoneos*]" = "iPhone Developer";
				INFOPLIST_FILE = Infected/Info.plist;
				LD_RUNPATH_SEARCH_PATHS = "$(inherited) @executable_path/Frameworks";
				PRODUCT_NAME = "$(TARGET_NAME)";
				PROVISIONING_PROFILE = "";
				TARGETED_DEVICE_FAMILY = 1;
			};
			name = Debug;
		};
		C92720F21AE7E51D0071148C /* Release */ = {
			isa = XCBuildConfiguration;
			buildSettings = {
				ASSETCATALOG_COMPILER_APPICON_NAME = AppIcon;
				CODE_SIGN_IDENTITY = "iPhone Developer";
				"CODE_SIGN_IDENTITY[sdk=iphoneos*]" = "iPhone Developer";
				INFOPLIST_FILE = Infected/Info.plist;
				LD_RUNPATH_SEARCH_PATHS = "$(inherited) @executable_path/Frameworks";
				PRODUCT_NAME = "$(TARGET_NAME)";
				PROVISIONING_PROFILE = "";
				TARGETED_DEVICE_FAMILY = 1;
			};
			name = Release;
		};
		C92720F41AE7E51D0071148C /* Debug */ = {
			isa = XCBuildConfiguration;
			buildSettings = {
				BUNDLE_LOADER = "$(TEST_HOST)";
				FRAMEWORK_SEARCH_PATHS = (
					"$(SDKROOT)/Developer/Library/Frameworks",
					"$(inherited)",
				);
				GCC_PREPROCESSOR_DEFINITIONS = (
					"DEBUG=1",
					"$(inherited)",
				);
				INFOPLIST_FILE = InfectedTests/Info.plist;
				LD_RUNPATH_SEARCH_PATHS = "$(inherited) @executable_path/Frameworks @loader_path/Frameworks";
				PRODUCT_NAME = "$(TARGET_NAME)";
				TEST_HOST = "$(BUILT_PRODUCTS_DIR)/Infected.app/Infected";
			};
			name = Debug;
		};
		C92720F51AE7E51D0071148C /* Release */ = {
			isa = XCBuildConfiguration;
			buildSettings = {
				BUNDLE_LOADER = "$(TEST_HOST)";
				FRAMEWORK_SEARCH_PATHS = (
					"$(SDKROOT)/Developer/Library/Frameworks",
					"$(inherited)",
				);
				INFOPLIST_FILE = InfectedTests/Info.plist;
				LD_RUNPATH_SEARCH_PATHS = "$(inherited) @executable_path/Frameworks @loader_path/Frameworks";
				PRODUCT_NAME = "$(TARGET_NAME)";
				TEST_HOST = "$(BUILT_PRODUCTS_DIR)/Infected.app/Infected";
			};
			name = Release;
		};
/* End XCBuildConfiguration section */

/* Begin XCConfigurationList section */
		C92720C81AE7E51D0071148C /* Build configuration list for PBXProject "Infected" */ = {
			isa = XCConfigurationList;
			buildConfigurations = (
				C92720EE1AE7E51D0071148C /* Debug */,
				C92720EF1AE7E51D0071148C /* Release */,
			);
			defaultConfigurationIsVisible = 0;
			defaultConfigurationName = Release;
		};
		C92720F01AE7E51D0071148C /* Build configuration list for PBXNativeTarget "Infected" */ = {
			isa = XCConfigurationList;
			buildConfigurations = (
				C92720F11AE7E51D0071148C /* Debug */,
				C92720F21AE7E51D0071148C /* Release */,
			);
			defaultConfigurationIsVisible = 0;
		};
		C92720F31AE7E51D0071148C /* Build configuration list for PBXNativeTarget "InfectedTests" */ = {
			isa = XCConfigurationList;
			buildConfigurations = (
				C92720F41AE7E51D0071148C /* Debug */,
				C92720F51AE7E51D0071148C /* Release */,
			);
			defaultConfigurationIsVisible = 0;
		};
/* End XCConfigurationList section */
	};
	rootObject = C92720C51AE7E51D0071148C /* Project object */;
}
